
Microsoft Visual Studio Solution File, Format Version 12.00
# 
Project("{FAE04EC0-301F-11D3-BF4B-00C04F79EFBC}") = "ProductService", "ProductService\ProductService.csproj", "{D0C2FC1C-D8B6-45F5-9C26-A73D8FDFAC88}"
EndProject
Project("{FAE04EC0-301F-11D3-BF4B-00C04F79EFBC}") = "ProductService.Tests", "ProductService.Tests\ProductService.Tests.csproj", "{C1ECA2AD-4001-4422-9C90-6C0F7F5179F4}"
EndProject
Global
	GlobalSection(SolutionConfigurationPlatforms) = preSolution
		Debug|Any CPU = Debug|Any CPU
		Release|Any CPU = Release|Any CPU
	EndGlobalSection
	GlobalSection(ProjectConfigurationPlatforms) = postSolution
		{D0C2FC1C-D8B6-45F5-9C26-A73D8FDFAC88}.Debug|Any CPU.ActiveCfg = Debug|Any CPU
		{D0C2FC1C-D8B6-45F5-9C26-A73D8FDFAC88}.Debug|Any CPU.Build.0 = Debug|Any CPU
		{D0C2FC1C-D8B6-45F5-9C26-A73D8FDFAC88}.Release|Any CPU.ActiveCfg = Release|Any CPU
		{D0C2FC1C-D8B6-45F5-9C26-A73D8FDFAC88}.Release|Any CPU.Build.0 = Release|Any CPU
		{C1ECA2AD-4001-4422-9C90-6C0F7F5179F4}.Debug|Any CPU.ActiveCfg = Debug|Any CPU
		{C1ECA2AD-4001-4422-9C90-6C0F7F5179F4}.Debug|Any CPU.Build.0 = Debug|Any CPU
		{C1ECA2AD-4001-4422-9C90-6C0F7F5179F4}.Release|Any CPU.ActiveCfg = Release|Any CPU
		{C1ECA2AD-4001-4422-9C90-6C0F7F5179F4}.Release|Any CPU.Build.0 = Release|Any CPU
	EndGlobalSection
EndGlobal
